
Microsoft Visual Studio Solution File, Format Version 12.00
# Visual Studio Version 17
VisualStudioVersion = 17.13.35825.156 d17.13
MinimumVisualStudioVersion = 10.0.40219.1
Project("{FAE04EC0-301F-11D3-BF4B-00C04F79EFBC}") = "PROG6221_ST10442146", "PROG6221_ST10442146_POE\PROG6221_ST10442146.csproj", "{BA3F9756-ACEA-4414-8986-6ABF682A58AD}"
EndProject
Global
	GlobalSection(SolutionConfigurationPlatforms) = preSolution
		Debug|Any CPU = Debug|Any CPU
		Release|Any CPU = Release|Any CPU
	EndGlobalSection
	GlobalSection(ProjectConfigurationPlatforms) = postSolution
		{BA3F9756-ACEA-4414-8986-6ABF682A58AD}.Debug|Any CPU.ActiveCfg = Debug|Any CPU
		{BA3F9756-ACEA-4414-8986-6ABF682A58AD}.Debug|Any CPU.Build.0 = Debug|Any CPU
		{BA3F9756-ACEA-4414-8986-6ABF682A58AD}.Release|Any CPU.ActiveCfg = Release|Any CPU
		{BA3F9756-ACEA-4414-8986-6ABF682A58AD}.Release|Any CPU.Build.0 = Release|Any CPU
	EndGlobalSection
	GlobalSection(SolutionProperties) = preSolution
		HideSolutionNode = FALSE
	EndGlobalSection
	GlobalSection(ExtensibilityGlobals) = postSolution
		SolutionGuid = {83088663-DB0B-440D-88CE-938837844F4A}
	EndGlobalSection
EndGlobal
